
Microsoft Visual Studio Solution File, Format Version 12.00
# Visual Studio 15
VisualStudioVersion = 15.0.26124.0
MinimumVisualStudioVersion = 15.0.26124.0
Project("{2150E333-8FDC-42A3-9474-1A3956D46DE8}") = "src", "src", "{CB411EDD-ACB0-421C-85E5-E3E0D6899E58}"
EndProject
Project("{FAE04EC0-301F-11D3-BF4B-00C04F79EFBC}") = "UnzipperWorkerService", "src\UnzipperWorkerService\UnzipperWorkerService.csproj", "{8C75FE3E-B22C-48A5-8ABB-E6EC1C90BFDE}"
EndProject
Global
	GlobalSection(SolutionConfigurationPlatforms) = preSolution
		Debug|Any CPU = Debug|Any CPU
		Debug|x64 = Debug|x64
		Debug|x86 = Debug|x86
		Release|Any CPU = Release|Any CPU
		Release|x64 = Release|x64
		Release|x86 = Release|x86
	EndGlobalSection
	GlobalSection(SolutionProperties) = preSolution
		HideSolutionNode = FALSE
	EndGlobalSection
	GlobalSection(ProjectConfigurationPlatforms) = postSolution
		{8C75FE3E-B22C-48A5-8ABB-E6EC1C90BFDE}.Debug|Any CPU.ActiveCfg = Debug|Any CPU
		{8C75FE3E-B22C-48A5-8ABB-E6EC1C90BFDE}.Debug|Any CPU.Build.0 = Debug|Any CPU
		{8C75FE3E-B22C-48A5-8ABB-E6EC1C90BFDE}.Debug|x64.ActiveCfg = Debug|Any CPU
		{8C75FE3E-B22C-48A5-8ABB-E6EC1C90BFDE}.Debug|x64.Build.0 = Debug|Any CPU
		{8C75FE3E-B22C-48A5-8ABB-E6EC1C90BFDE}.Debug|x86.ActiveCfg = Debug|Any CPU
		{8C75FE3E-B22C-48A5-8ABB-E6EC1C90BFDE}.Debug|x86.Build.0 = Debug|Any CPU
		{8C75FE3E-B22C-48A5-8ABB-E6EC1C90BFDE}.Release|Any CPU.ActiveCfg = Release|Any CPU
		{8C75FE3E-B22C-48A5-8ABB-E6EC1C90BFDE}.Release|Any CPU.Build.0 = Release|Any CPU
		{8C75FE3E-B22C-48A5-8ABB-E6EC1C90BFDE}.Release|x64.ActiveCfg = Release|Any CPU
		{8C75FE3E-B22C-48A5-8ABB-E6EC1C90BFDE}.Release|x64.Build.0 = Release|Any CPU
		{8C75FE3E-B22C-48A5-8ABB-E6EC1C90BFDE}.Release|x86.ActiveCfg = Release|Any CPU
		{8C75FE3E-B22C-48A5-8ABB-E6EC1C90BFDE}.Release|x86.Build.0 = Release|Any CPU
	EndGlobalSection
	GlobalSection(NestedProjects) = preSolution
		{8C75FE3E-B22C-48A5-8ABB-E6EC1C90BFDE} = {CB411EDD-ACB0-421C-85E5-E3E0D6899E58}
	EndGlobalSection
EndGlobal
